
Microsoft Visual Studio Solution File, Format Version 12.00
# Visual Studio Version 17
VisualStudioVersion = 17.14.36121.58
MinimumVisualStudioVersion = 10.0.40219.1
Project("{FAE04EC0-301F-11D3-BF4B-00C04F79EFBC}") = "FIAP.PLAY.Domain", "FIAP.PLAY.Domain\FIAP.PLAY.Domain.csproj", "{BD42C439-C656-4FEE-9EC4-554A63B97430}"
EndProject
Global
	GlobalSection(SolutionConfigurationPlatforms) = preSolution
		Debug|Any CPU = Debug|Any CPU
		Release|Any CPU = Release|Any CPU
	EndGlobalSection
	GlobalSection(ProjectConfigurationPlatforms) = postSolution
		{BD42C439-C656-4FEE-9EC4-554A63B97430}.Debug|Any CPU.ActiveCfg = Debug|Any CPU
		{BD42C439-C656-4FEE-9EC4-554A63B97430}.Debug|Any CPU.Build.0 = Debug|Any CPU
		{BD42C439-C656-4FEE-9EC4-554A63B97430}.Release|Any CPU.ActiveCfg = Release|Any CPU
		{BD42C439-C656-4FEE-9EC4-554A63B97430}.Release|Any CPU.Build.0 = Release|Any CPU
	EndGlobalSection
	GlobalSection(SolutionProperties) = preSolution
		HideSolutionNode = FALSE
	EndGlobalSection
	GlobalSection(ExtensibilityGlobals) = postSolution
		SolutionGuid = {1FE0DAE0-D635-4426-9D2C-C8FCD86B2FC2}
	EndGlobalSection
EndGlobal
